
Microsoft Visual Studio Solution File, Format Version 12.00
# Visual Studio Version 17
VisualStudioVersion = 17.5.002.0
MinimumVisualStudioVersion = 10.0.40219.1
Project("{9A19103F-16F7-4668-BE54-9A1E7A4F7556}") = "RestaurantRaterMVC", "RestaurantRaterMVC.csproj", "{AD1EF504-62F8-468C-B8A0-3B5DF53FE3BD}"
EndProject
Global
	GlobalSection(SolutionConfigurationPlatforms) = preSolution
		Debug|Any CPU = Debug|Any CPU
		Release|Any CPU = Release|Any CPU
	EndGlobalSection
	GlobalSection(ProjectConfigurationPlatforms) = postSolution
		{AD1EF504-62F8-468C-B8A0-3B5DF53FE3BD}.Debug|Any CPU.ActiveCfg = Debug|Any CPU
		{AD1EF504-62F8-468C-B8A0-3B5DF53FE3BD}.Debug|Any CPU.Build.0 = Debug|Any CPU
		{AD1EF504-62F8-468C-B8A0-3B5DF53FE3BD}.Release|Any CPU.ActiveCfg = Release|Any CPU
		{AD1EF504-62F8-468C-B8A0-3B5DF53FE3BD}.Release|Any CPU.Build.0 = Release|Any CPU
	EndGlobalSection
	GlobalSection(SolutionProperties) = preSolution
		HideSolutionNode = FALSE
	EndGlobalSection
	GlobalSection(ExtensibilityGlobals) = postSolution
		SolutionGuid = {553E2BF4-4562-443C-8940-7704AF856472}
	EndGlobalSection
EndGlobal
